// !$*UTF8*$!
{
	archiveVersion = 1;
	classes = {
	};
	objectVersion = 50;
	objects = {

/* Begin PBXBuildFile section */
		5228309E2621A8BE000019EE /* AppDelegate.swift in Sources */ = {isa = PBXBuildFile; fileRef = 5228309D2621A8BE000019EE /* AppDelegate.swift */; };
		522830A02621A8BE000019EE /* SceneDelegate.swift in Sources */ = {isa = PBXBuildFile; fileRef = 5228309F2621A8BE000019EE /* SceneDelegate.swift */; };
		522830A22621A8BE000019EE /* ViewController.swift in Sources */ = {isa = PBXBuildFile; fileRef = 522830A12621A8BE000019EE /* ViewController.swift */; };
		522830A52621A8BE000019EE /* Main.storyboard in Resources */ = {isa = PBXBuildFile; fileRef = 522830A32621A8BE000019EE /* Main.storyboard */; };
		522830A72621A8C0000019EE /* Assets.xcassets in Resources */ = {isa = PBXBuildFile; fileRef = 522830A62621A8C0000019EE /* Assets.xcassets */; };
		522830AA2621A8C0000019EE /* LaunchScreen.storyboard in Resources */ = {isa = PBXBuildFile; fileRef = 522830A82621A8C0000019EE /* LaunchScreen.storyboard */; };
		522830B32621AA40000019EE /* DetailsViewController.swift in Sources */ = {isa = PBXBuildFile; fileRef = 522830B22621AA40000019EE /* DetailsViewController.swift */; };
		522830B72621AB06000019EE /* Model.swift in Sources */ = {isa = PBXBuildFile; fileRef = 522830B62621AB06000019EE /* Model.swift */; };
/* End PBXBuildFile section */

/* Begin PBXFileReference section */
		5228309A2621A8BE000019EE /* test-data.app */ = {isa = PBXFileReference; explicitFileType = wrapper.application; includeInIndex = 0; path = "test-data.app"; sourceTree = BUILT_PRODUCTS_DIR; };
		5228309D2621A8BE000019EE /* AppDelegate.swift */ = {isa = PBXFileReference; lastKnownFileType = sourcecode.swift; path = AppDelegate.swift; sourceTree = "<group>"; };
		5228309F2621A8BE000019EE /* SceneDelegate.swift */ = {isa = PBXFileReference; lastKnownFileType = sourcecode.swift; path = SceneDelegate.swift; sourceTree = "<group>"; };
		522830A12621A8BE000019EE /* ViewController.swift */ = {isa = PBXFileReference; lastKnownFileType = sourcecode.swift; path = ViewController.swift; sourceTree = "<group>"; };
		522830A42621A8BE000019EE /* Base */ = {isa = PBXFileReference; lastKnownFileType = file.storyboard; name = Base; path = Base.lproj/Main.storyboard; sourceTree = "<group>"; };
		522830A62621A8C0000019EE /* Assets.xcassets */ = {isa = PBXFileReference; lastKnownFileType = folder.assetcatalog; path = Assets.xcassets; sourceTree = "<group>"; };
		522830A92621A8C0000019EE /* Base */ = {isa = PBXFileReference; lastKnownFileType = file.storyboard; name = Base; path = Base.lproj/LaunchScreen.storyboard; sourceTree = "<group>"; };
		522830AB2621A8C0000019EE /* Info.plist */ = {isa = PBXFileReference; lastKnownFileType = text.plist.xml; path = Info.plist; sourceTree = "<group>"; };
		522830B22621AA40000019EE /* DetailsViewController.swift */ = {isa = PBXFileReference; lastKnownFileType = sourcecode.swift; path = DetailsViewController.swift; sourceTree = "<group>"; };
		522830B62621AB06000019EE /* Model.swift */ = {isa = PBXFileReference; lastKnownFileType = sourcecode.swift; path = Model.swift; sourceTree = "<group>"; };
/* End PBXFileReference section */

/* Begin PBXFrameworksBuildPhase section */
		522830972621A8BE000019EE /* Frameworks */ = {
			isa = PBXFrameworksBuildPhase;
			buildActionMask = 2147483647;
			files = (
			);
			runOnlyForDeploymentPostprocessing = 0;
		};
/* End PBXFrameworksBuildPhase section */

/* Begin PBXGroup section */
		522830912621A8BE000019EE = {
			isa = PBXGroup;
			children = (
				5228309C2621A8BE000019EE /* test-data */,
				5228309B2621A8BE000019EE /* Products */,
			);
			sourceTree = "<group>";
		};
		5228309B2621A8BE000019EE /* Products */ = {
			isa = PBXGroup;
			children = (
				5228309A2621A8BE000019EE /* test-data.app */,
			);
			name = Products;
			sourceTree = "<group>";
		};
		5228309C2621A8BE000019EE /* test-data */ = {
			isa = PBXGroup;
			children = (
				5228309D2621A8BE000019EE /* AppDelegate.swift */,
				5228309F2621A8BE000019EE /* SceneDelegate.swift */,
				522830A12621A8BE000019EE /* ViewController.swift */,
				522830B62621AB06000019EE /* Model.swift */,
				522830B22621AA40000019EE /* DetailsViewController.swift */,
				522830A32621A8BE000019EE /* Main.storyboard */,
				522830A62621A8C0000019EE /* Assets.xcassets */,
				522830A82621A8C0000019EE /* LaunchScreen.storyboard */,
				522830AB2621A8C0000019EE /* Info.plist */,
			);
			path = "test-data";
			sourceTree = "<group>";
		};
/* End PBXGroup section */

/* Begin PBXNativeTarget section */
		522830992621A8BE000019EE /* test-data */ = {
			isa = PBXNativeTarget;
			buildConfigurationList = 522830AE2621A8C0000019EE /* Build configuration list for PBXNativeTarget "test-data" */;
			buildPhases = (
				522830962621A8BE000019EE /* Sources */,
				522830972621A8BE000019EE /* Frameworks */,
				522830982621A8BE000019EE /* Resources */,
			);
			buildRules = (
			);
			dependencies = (
			);
			name = "test-data";
			productName = "test-data";
			productReference = 5228309A2621A8BE000019EE /* test-data.app */;
			productType = "com.apple.product-type.application";
		};
/* End PBXNativeTarget section */

/* Begin PBXProject section */
		522830922621A8BE000019EE /* Project object */ = {
			isa = PBXProject;
			attributes = {
				LastSwiftUpdateCheck = 1240;
				LastUpgradeCheck = 1240;
				TargetAttributes = {
					522830992621A8BE000019EE = {
						CreatedOnToolsVersion = 12.4;
					};
				};
			};
			buildConfigurationList = 522830952621A8BE000019EE /* Build configuration list for PBXProject "test-data" */;
			compatibilityVersion = "Xcode 9.3";
			developmentRegion = en;
			hasScannedForEncodings = 0;
			knownRegions = (
				en,
				Base,
			);
			mainGroup = 522830912621A8BE000019EE;
			productRefGroup = 5228309B2621A8BE000019EE /* Products */;
			projectDirPath = "";
			projectRoot = "";
			targets = (
				522830992621A8BE000019EE /* test-data */,
			);
		};
/* End PBXProject section */

/* Begin PBXResourcesBuildPhase section */
		522830982621A8BE000019EE /* Resources */ = {
			isa = PBXResourcesBuildPhase;
			buildActionMask = 2147483647;
			files = (
				522830AA2621A8C0000019EE /* LaunchScreen.storyboard in Resources */,
				522830A72621A8C0000019EE /* Assets.xcassets in Resources */,
				522830A52621A8BE000019EE /* Main.storyboard in Resources */,
			);
			runOnlyForDeploymentPostprocessing = 0;
		};
/* End PBXResourcesBuildPhase section */

/* Begin PBXSourcesBuildPhase section */
		522830962621A8BE000019EE /* Sources */ = {
			isa = PBXSourcesBuildPhase;
			buildActionMask = 2147483647;
			files = (
				522830B72621AB06000019EE /* Model.swift in Sources */,
				522830A22621A8BE000019EE /* ViewController.swift in Sources */,
				5228309E2621A8BE000019EE /* AppDelegate.swift in Sources */,
				522830A02621A8BE000019EE /* SceneDelegate.swift in Sources */,
				522830B32621AA40000019EE /* DetailsViewController.swift in Sources */,
			);
			runOnlyForDeploymentPostprocessing = 0;
		};
/* End PBXSourcesBuildPhase section */

/* Begin PBXVariantGroup section */
		522830A32621A8BE000019EE /* Main.storyboard */ = {
			isa = PBXVariantGroup;
			children = (
				522830A42621A8BE000019EE /* Base */,
			);
			name = Main.storyboard;
			sourceTree = "<group>";
		};
		522830A82621A8C0000019EE /* LaunchScreen.storyboard */ = {
			isa = PBXVariantGroup;
			children = (
				522830A92621A8C0000019EE /* Base */,
			);
			name = LaunchScreen.storyboard;
			sourceTree = "<group>";
		};
/* End PBXVariantGroup section */

/* Begin XCBuildConfiguration section */
		522830AC2621A8C0000019EE /* Debug */ = {
			isa = XCBuildConfiguration;
			buildSettings = {
				ALWAYS_SEARCH_USER_PATHS = NO;
				CLANG_ANALYZER_NONNULL = YES;
				CLANG_ANALYZER_NUMBER_OBJECT_CONVERSION = YES_AGGRESSIVE;
				CLANG_CXX_LANGUAGE_STANDARD = "gnu++14";
				CLANG_CXX_LIBRARY = "libc++";
				CLANG_ENABLE_MODULES = YES;
				CLANG_ENABLE_OBJC_ARC = YES;
				CLANG_ENABLE_OBJC_WEAK = YES;
				CLANG_WARN_BLOCK_CAPTURE_AUTORELEASING = YES;
				CLANG_WARN_BOOL_CONVERSION = YES;
				CLANG_WARN_COMMA = YES;
				CLANG_WARN_CONSTANT_CONVERSION = YES;
				CLANG_WARN_DEPRECATED_OBJC_IMPLEMENTATIONS = YES;
				CLANG_WARN_DIRECT_OBJC_ISA_USAGE = YES_ERROR;
				CLANG_WARN_DOCUMENTATION_COMMENTS = YES;
				CLANG_WARN_EMPTY_BODY = YES;
				CLANG_WARN_ENUM_CONVERSION = YES;
				CLANG_WARN_INFINITE_RECURSION = YES;
				CLANG_WARN_INT_CONVERSION = YES;
				CLANG_WARN_NON_LITERAL_NULL_CONVERSION = YES;
				CLANG_WARN_OBJC_IMPLICIT_RETAIN_SELF = YES;
				CLANG_WARN_OBJC_LITERAL_CONVERSION = YES;
				CLANG_WARN_OBJC_ROOT_CLASS = YES_ERROR;
				CLANG_WARN_QUOTED_INCLUDE_IN_FRAMEWORK_HEADER = YES;
				CLANG_WARN_RANGE_LOOP_ANALYSIS = YES;
				CLANG_WARN_STRICT_PROTOTYPES = YES;
				CLANG_WARN_SUSPICIOUS_MOVE = YES;
				CLANG_WARN_UNGUARDED_AVAILABILITY = YES_AGGRESSIVE;
				CLANG_WARN_UNREACHABLE_CODE = YES;
				CLANG_WARN__DUPLICATE_METHOD_MATCH = YES;
				COPY_PHASE_STRIP = NO;
				DEBUG_INFORMATION_FORMAT = dwarf;
				ENABLE_STRICT_OBJC_MSGSEND = YES;
				ENABLE_TESTABILITY = YES;
				GCC_C_LANGUAGE_STANDARD = gnu11;
				GCC_DYNAMIC_NO_PIC = NO;
				GCC_NO_COMMON_BLOCKS = YES;
				GCC_OPTIMIZATION_LEVEL = 0;
				GCC_PREPROCESSOR_DEFINITIONS = (
					"DEBUG=1",
					"$(inherited)",
				);
				GCC_WARN_64_TO_32_BIT_CONVERSION = YES;
				GCC_WARN_ABOUT_RETURN_TYPE = YES_ERROR;
				GCC_WARN_UNDECLARED_SELECTOR = YES;
				GCC_WARN_UNINITIALIZED_AUTOS = YES_AGGRESSIVE;
				GCC_WARN_UNUSED_FUNCTION = YES;
				GCC_WARN_UNUSED_VARIABLE = YES;
				IPHONEOS_DEPLOYMENT_TARGET = 14.4;
				MTL_ENABLE_DEBUG_INFO = INCLUDE_SOURCE;
				MTL_FAST_MATH = YES;
				ONLY_ACTIVE_ARCH = YES;
				SDKROOT = iphoneos;
				SWIFT_ACTIVE_COMPILATION_CONDITIONS = DEBUG;
				SWIFT_OPTIMIZATION_LEVEL = "-Onone";
			};
			name = Debug;
		};
		522830AD2621A8C0000019EE /* Release */ = {
			isa = XCBuildConfiguration;
			buildSettings = {
				ALWAYS_SEARCH_USER_PATHS = NO;
				CLANG_ANALYZER_NONNULL = YES;
				CLANG_ANALYZER_NUMBER_OBJECT_CONVERSION = YES_AGGRESSIVE;
				CLANG_CXX_LANGUAGE_STANDARD = "gnu++14";
				CLANG_CXX_LIBRARY = "libc++";
				CLANG_ENABLE_MODULES = YES;
				CLANG_ENABLE_OBJC_ARC = YES;
				CLANG_ENABLE_OBJC_WEAK = YES;
				CLANG_WARN_BLOCK_CAPTURE_AUTORELEASING = YES;
				CLANG_WARN_BOOL_CONVERSION = YES;
				CLANG_WARN_COMMA = YES;
				CLANG_WARN_CONSTANT_CONVERSION = YES;
				CLANG_WARN_DEPRECATED_OBJC_IMPLEMENTATIONS = YES;
				CLANG_WARN_DIRECT_OBJC_ISA_USAGE = YES_ERROR;
				CLANG_WARN_DOCUMENTATION_COMMENTS = YES;
				CLANG_WARN_EMPTY_BODY = YES;
				CLANG_WARN_ENUM_CONVERSION = YES;
				CLANG_WARN_INFINITE_RECURSION = YES;
				CLANG_WARN_INT_CONVERSION = YES;
				CLANG_WARN_NON_LITERAL_NULL_CONVERSION = YES;
				CLANG_WARN_OBJC_IMPLICIT_RETAIN_SELF = YES;
				CLANG_WARN_OBJC_LITERAL_CONVERSION = YES;
				CLANG_WARN_OBJC_ROOT_CLASS = YES_ERROR;
				CLANG_WARN_QUOTED_INCLUDE_IN_FRAMEWORK_HEADER = YES;
				CLANG_WARN_RANGE_LOOP_ANALYSIS = YES;
				CLANG_WARN_STRICT_PROTOTYPES = YES;
				CLANG_WARN_SUSPICIOUS_MOVE = YES;
				CLANG_WARN_UNGUARDED_AVAILABILITY = YES_AGGRESSIVE;
				CLANG_WARN_UNREACHABLE_CODE = YES;
				CLANG_WARN__DUPLICATE_METHOD_MATCH = YES;
				COPY_PHASE_STRIP = NO;
				DEBUG_INFORMATION_FORMAT = "dwarf-with-dsym";
				ENABLE_NS_ASSERTIONS = NO;
				ENABLE_STRICT_OBJC_MSGSEND = YES;
				GCC_C_LANGUAGE_STANDARD = gnu11;
				GCC_NO_COMMON_BLOCKS = YES;
				GCC_WARN_64_TO_32_BIT_CONVERSION = YES;
				GCC_WARN_ABOUT_RETURN_TYPE = YES_ERROR;
				GCC_WARN_UNDECLARED_SELECTOR = YES;
				GCC_WARN_UNINITIALIZED_AUTOS = YES_AGGRESSIVE;
				GCC_WARN_UNUSED_FUNCTION = YES;
				GCC_WARN_UNUSED_VARIABLE = YES;
				IPHONEOS_DEPLOYMENT_TARGET = 14.4;
				MTL_ENABLE_DEBUG_INFO = NO;
				MTL_FAST_MATH = YES;
				SDKROOT = iphoneos;
				SWIFT_COMPILATION_MODE = wholemodule;
				SWIFT_OPTIMIZATION_LEVEL = "-O";
				VALIDATE_PRODUCT = YES;
			};
			name = Release;
		};
		522830AF2621A8C0000019EE /* Debug */ = {
			isa = XCBuildConfiguration;
			buildSettings = {
				ASSETCATALOG_COMPILER_APPICON_NAME = AppIcon;
				ASSETCATALOG_COMPILER_GLOBAL_ACCENT_COLOR_NAME = AccentColor;
				CODE_SIGN_STYLE = Automatic;
				DEVELOPMENT_TEAM = TFCN47U548;
				INFOPLIST_FILE = "test-data/Info.plist";
				LD_RUNPATH_SEARCH_PATHS = (
					"$(inherited)",
					"@executable_path/Frameworks",
				);
				PRODUCT_BUNDLE_IDENTIFIER = "com.bsocial.test-data";
				PRODUCT_NAME = "$(TARGET_NAME)";
				SWIFT_VERSION = 5.0;
				TARGETED_DEVICE_FAMILY = "1,2";
			};
			name = Debug;
		};
		522830B02621A8C0000019EE /* Release */ = {
			isa = XCBuildConfiguration;
			buildSettings = {
				ASSETCATALOG_COMPILER_APPICON_NAME = AppIcon;
				ASSETCATALOG_COMPILER_GLOBAL_ACCENT_COLOR_NAME = AccentColor;
				CODE_SIGN_STYLE = Automatic;
				DEVELOPMENT_TEAM = TFCN47U548;
				INFOPLIST_FILE = "test-data/Info.plist";
				LD_RUNPATH_SEARCH_PATHS = (
					"$(inherited)",
					"@executable_path/Frameworks",
				);
				PRODUCT_BUNDLE_IDENTIFIER = "com.bsocial.test-data";
				PRODUCT_NAME = "$(TARGET_NAME)";
				SWIFT_VERSION = 5.0;
				TARGETED_DEVICE_FAMILY = "1,2";
			};
			name = Release;
		};
/* End XCBuildConfiguration section */

/* Begin XCConfigurationList section */
		522830952621A8BE000019EE /* Build configuration list for PBXProject "test-data" */ = {
			isa = XCConfigurationList;
			buildConfigurations = (
				522830AC2621A8C0000019EE /* Debug */,
				522830AD2621A8C0000019EE /* Release */,
			);
			defaultConfigurationIsVisible = 0;
			defaultConfigurationName = Release;
		};
		522830AE2621A8C0000019EE /* Build configuration list for PBXNativeTarget "test-data" */ = {
			isa = XCConfigurationList;
			buildConfigurations = (
				522830AF2621A8C0000019EE /* Debug */,
				522830B02621A8C0000019EE /* Release */,
			);
			defaultConfigurationIsVisible = 0;
			defaultConfigurationName = Release;
		};
/* End XCConfigurationList section */
	};
	rootObject = 522830922621A8BE000019EE /* Project object */;
}
